
Microsoft Visual Studio Solution File, Format Version 12.00
# Visual Studio Version 16
VisualStudioVersion = 16.0.32901.82
MinimumVisualStudioVersion = 10.0.40219.1
Project("{FAE04EC0-301F-11D3-BF4B-00C04F79EFBC}") = "QL_ThuVien", "QL_ThuVien\QL_ThuVien.csproj", "{51303AFA-94F0-4783-A8DA-3DC5F6DED2D2}"
EndProject
Global
	GlobalSection(SolutionConfigurationPlatforms) = preSolution
		Debug|Any CPU = Debug|Any CPU
		Release|Any CPU = Release|Any CPU
	EndGlobalSection
	GlobalSection(ProjectConfigurationPlatforms) = postSolution
		{51303AFA-94F0-4783-A8DA-3DC5F6DED2D2}.Debug|Any CPU.ActiveCfg = Debug|Any CPU
		{51303AFA-94F0-4783-A8DA-3DC5F6DED2D2}.Debug|Any CPU.Build.0 = Debug|Any CPU
		{51303AFA-94F0-4783-A8DA-3DC5F6DED2D2}.Release|Any CPU.ActiveCfg = Release|Any CPU
		{51303AFA-94F0-4783-A8DA-3DC5F6DED2D2}.Release|Any CPU.Build.0 = Release|Any CPU
	EndGlobalSection
	GlobalSection(SolutionProperties) = preSolution
		HideSolutionNode = FALSE
	EndGlobalSection
	GlobalSection(ExtensibilityGlobals) = postSolution
		SolutionGuid = {3EB01929-917D-4288-91E4-E2C666E8F3A3}
	EndGlobalSection
EndGlobal
